
Microsoft Visual Studio Solution File, Format Version 12.00
# Visual Studio 14
VisualStudioVersion = 14.0.25420.1
MinimumVisualStudioVersion = 10.0.40219.1
Project("{FAE04EC0-301F-11D3-BF4B-00C04F79EFBC}") = "11", "11\11.csproj", "{377EEF30-B082-44B4-986E-A7FC75997870}"
EndProject
Project("{FAE04EC0-301F-11D3-BF4B-00C04F79EFBC}") = "22", "22\22.csproj", "{02100ADC-2103-490D-9B9D-322F6A8AC3BB}"
EndProject
Project("{FAE04EC0-301F-11D3-BF4B-00C04F79EFBC}") = "33", "33\33.csproj", "{538280ED-930B-4968-B708-66F764A20674}"
EndProject
Project("{FAE04EC0-301F-11D3-BF4B-00C04F79EFBC}") = "44", "44\44.csproj", "{4DB7E12B-CF8C-4BDC-B5D9-2B862551772A}"
EndProject
Project("{FAE04EC0-301F-11D3-BF4B-00C04F79EFBC}") = "55", "55\55.csproj", "{03DC9BC0-2579-409D-BEAF-C298CB041717}"
EndProject
Project("{FAE04EC0-301F-11D3-BF4B-00C04F79EFBC}") = "66", "66\66.csproj", "{E66D3D11-9356-450A-B1FA-3986612799E0}"
EndProject
Project("{FAE04EC0-301F-11D3-BF4B-00C04F79EFBC}") = "555", "555\555.csproj", "{FFD1C061-B2F8-44DA-AB57-AE296F5517EB}"
EndProject
Global
	GlobalSection(SolutionConfigurationPlatforms) = preSolution
		Debug|Any CPU = Debug|Any CPU
		Release|Any CPU = Release|Any CPU
	EndGlobalSection
	GlobalSection(ProjectConfigurationPlatforms) = postSolution
		{377EEF30-B082-44B4-986E-A7FC75997870}.Debug|Any CPU.ActiveCfg = Debug|Any CPU
		{377EEF30-B082-44B4-986E-A7FC75997870}.Debug|Any CPU.Build.0 = Debug|Any CPU
		{377EEF30-B082-44B4-986E-A7FC75997870}.Release|Any CPU.ActiveCfg = Release|Any CPU
		{377EEF30-B082-44B4-986E-A7FC75997870}.Release|Any CPU.Build.0 = Release|Any CPU
		{02100ADC-2103-490D-9B9D-322F6A8AC3BB}.Debug|Any CPU.ActiveCfg = Debug|Any CPU
		{02100ADC-2103-490D-9B9D-322F6A8AC3BB}.Debug|Any CPU.Build.0 = Debug|Any CPU
		{02100ADC-2103-490D-9B9D-322F6A8AC3BB}.Release|Any CPU.ActiveCfg = Release|Any CPU
		{02100ADC-2103-490D-9B9D-322F6A8AC3BB}.Release|Any CPU.Build.0 = Release|Any CPU
		{538280ED-930B-4968-B708-66F764A20674}.Debug|Any CPU.ActiveCfg = Debug|Any CPU
		{538280ED-930B-4968-B708-66F764A20674}.Debug|Any CPU.Build.0 = Debug|Any CPU
		{538280ED-930B-4968-B708-66F764A20674}.Release|Any CPU.ActiveCfg = Release|Any CPU
		{538280ED-930B-4968-B708-66F764A20674}.Release|Any CPU.Build.0 = Release|Any CPU
		{4DB7E12B-CF8C-4BDC-B5D9-2B862551772A}.Debug|Any CPU.ActiveCfg = Debug|Any CPU
		{4DB7E12B-CF8C-4BDC-B5D9-2B862551772A}.Debug|Any CPU.Build.0 = Debug|Any CPU
		{4DB7E12B-CF8C-4BDC-B5D9-2B862551772A}.Release|Any CPU.ActiveCfg = Release|Any CPU
		{4DB7E12B-CF8C-4BDC-B5D9-2B862551772A}.Release|Any CPU.Build.0 = Release|Any CPU
		{03DC9BC0-2579-409D-BEAF-C298CB041717}.Debug|Any CPU.ActiveCfg = Debug|Any CPU
		{03DC9BC0-2579-409D-BEAF-C298CB041717}.Debug|Any CPU.Build.0 = Debug|Any CPU
		{03DC9BC0-2579-409D-BEAF-C298CB041717}.Release|Any CPU.ActiveCfg = Release|Any CPU
		{03DC9BC0-2579-409D-BEAF-C298CB041717}.Release|Any CPU.Build.0 = Release|Any CPU
		{E66D3D11-9356-450A-B1FA-3986612799E0}.Debug|Any CPU.ActiveCfg = Debug|Any CPU
		{E66D3D11-9356-450A-B1FA-3986612799E0}.Debug|Any CPU.Build.0 = Debug|Any CPU
		{E66D3D11-9356-450A-B1FA-3986612799E0}.Release|Any CPU.ActiveCfg = Release|Any CPU
		{E66D3D11-9356-450A-B1FA-3986612799E0}.Release|Any CPU.Build.0 = Release|Any CPU
		{FFD1C061-B2F8-44DA-AB57-AE296F5517EB}.Debug|Any CPU.ActiveCfg = Debug|Any CPU
		{FFD1C061-B2F8-44DA-AB57-AE296F5517EB}.Debug|Any CPU.Build.0 = Debug|Any CPU
		{FFD1C061-B2F8-44DA-AB57-AE296F5517EB}.Release|Any CPU.ActiveCfg = Release|Any CPU
		{FFD1C061-B2F8-44DA-AB57-AE296F5517EB}.Release|Any CPU.Build.0 = Release|Any CPU
	EndGlobalSection
	GlobalSection(SolutionProperties) = preSolution
		HideSolutionNode = FALSE
	EndGlobalSection
EndGlobal
